
Microsoft Visual Studio Solution File, Format Version 12.00
# Visual Studio 15
VisualStudioVersion = 15.0.28307.421
MinimumVisualStudioVersion = 10.0.40219.1
Project("{FAE04EC0-301F-11D3-BF4B-00C04F79EFBC}") = "MyMovieListXamarin.Android", "MyMovieListXamarin\MyMovieListXamarin.Android\MyMovieListXamarin.Android.csproj", "{27E5D11E-062C-47F7-BDA3-79EFC725F879}"
EndProject
Project("{FAE04EC0-301F-11D3-BF4B-00C04F79EFBC}") = "MyMovieListXamarin.iOS", "MyMovieListXamarin\MyMovieListXamarin.iOS\MyMovieListXamarin.iOS.csproj", "{BE8CF80D-47BE-4D5A-BE32-3CB65BB08078}"
EndProject
Project("{FAE04EC0-301F-11D3-BF4B-00C04F79EFBC}") = "MyMovieListXamarin.UWP", "MyMovieListXamarin\MyMovieListXamarin.UWP\MyMovieListXamarin.UWP.csproj", "{C5A582C9-D95E-4C4E-BD08-7E1B25F7906C}"
EndProject
Project("{9A19103F-16F7-4668-BE54-9A1E7A4F7556}") = "MyMovieListXamarin", "MyMovieListXamarin\MyMovieListXamarin\MyMovieListXamarin.csproj", "{37BD7A98-BDB6-46B3-BAE6-85EAF75CFC4E}"
EndProject
Project("{9A19103F-16F7-4668-BE54-9A1E7A4F7556}") = "TMDbLib", "MyMovieListXamarin\TMDbLib\TMDbLib.csproj", "{D1C7508A-2046-4D74-8435-AEE523CADB18}"
EndProject
Global
	GlobalSection(SolutionConfigurationPlatforms) = preSolution
		Ad-Hoc|Any CPU = Ad-Hoc|Any CPU
		Ad-Hoc|ARM = Ad-Hoc|ARM
		Ad-Hoc|iPhone = Ad-Hoc|iPhone
		Ad-Hoc|iPhoneSimulator = Ad-Hoc|iPhoneSimulator
		Ad-Hoc|x64 = Ad-Hoc|x64
		Ad-Hoc|x86 = Ad-Hoc|x86
		AppStore|Any CPU = AppStore|Any CPU
		AppStore|ARM = AppStore|ARM
		AppStore|iPhone = AppStore|iPhone
		AppStore|iPhoneSimulator = AppStore|iPhoneSimulator
		AppStore|x64 = AppStore|x64
		AppStore|x86 = AppStore|x86
		Debug|Any CPU = Debug|Any CPU
		Debug|ARM = Debug|ARM
		Debug|iPhone = Debug|iPhone
		Debug|iPhoneSimulator = Debug|iPhoneSimulator
		Debug|x64 = Debug|x64
		Debug|x86 = Debug|x86
		Release|Any CPU = Release|Any CPU
		Release|ARM = Release|ARM
		Release|iPhone = Release|iPhone
		Release|iPhoneSimulator = Release|iPhoneSimulator
		Release|x64 = Release|x64
		Release|x86 = Release|x86
	EndGlobalSection
	GlobalSection(ProjectConfigurationPlatforms) = postSolution
		{27E5D11E-062C-47F7-BDA3-79EFC725F879}.Ad-Hoc|Any CPU.ActiveCfg = Release|Any CPU
		{27E5D11E-062C-47F7-BDA3-79EFC725F879}.Ad-Hoc|Any CPU.Build.0 = Release|Any CPU
		{27E5D11E-062C-47F7-BDA3-79EFC725F879}.Ad-Hoc|Any CPU.Deploy.0 = Release|Any CPU
		{27E5D11E-062C-47F7-BDA3-79EFC725F879}.Ad-Hoc|ARM.ActiveCfg = Release|Any CPU
		{27E5D11E-062C-47F7-BDA3-79EFC725F879}.Ad-Hoc|ARM.Build.0 = Release|Any CPU
		{27E5D11E-062C-47F7-BDA3-79EFC725F879}.Ad-Hoc|ARM.Deploy.0 = Release|Any CPU
		{27E5D11E-062C-47F7-BDA3-79EFC725F879}.Ad-Hoc|iPhone.ActiveCfg = Release|Any CPU
		{27E5D11E-062C-47F7-BDA3-79EFC725F879}.Ad-Hoc|iPhone.Build.0 = Release|Any CPU
		{27E5D11E-062C-47F7-BDA3-79EFC725F879}.Ad-Hoc|iPhone.Deploy.0 = Release|Any CPU
		{27E5D11E-062C-47F7-BDA3-79EFC725F879}.Ad-Hoc|iPhoneSimulator.ActiveCfg = Release|Any CPU
		{27E5D11E-062C-47F7-BDA3-79EFC725F879}.Ad-Hoc|iPhoneSimulator.Build.0 = Release|Any CPU
		{27E5D11E-062C-47F7-BDA3-79EFC725F879}.Ad-Hoc|iPhoneSimulator.Deploy.0 = Release|Any CPU
		{27E5D11E-062C-47F7-BDA3-79EFC725F879}.Ad-Hoc|x64.ActiveCfg = Release|Any CPU
		{27E5D11E-062C-47F7-BDA3-79EFC725F879}.Ad-Hoc|x64.Build.0 = Release|Any CPU
		{27E5D11E-062C-47F7-BDA3-79EFC725F879}.Ad-Hoc|x64.Deploy.0 = Release|Any CPU
		{27E5D11E-062C-47F7-BDA3-79EFC725F879}.Ad-Hoc|x86.ActiveCfg = Release|Any CPU
		{27E5D11E-062C-47F7-BDA3-79EFC725F879}.Ad-Hoc|x86.Build.0 = Release|Any CPU
		{27E5D11E-062C-47F7-BDA3-79EFC725F879}.Ad-Hoc|x86.Deploy.0 = Release|Any CPU
		{27E5D11E-062C-47F7-BDA3-79EFC725F879}.AppStore|Any CPU.ActiveCfg = Release|Any CPU
		{27E5D11E-062C-47F7-BDA3-79EFC725F879}.AppStore|Any CPU.Build.0 = Release|Any CPU
		{27E5D11E-062C-47F7-BDA3-79EFC725F879}.AppStore|Any CPU.Deploy.0 = Release|Any CPU
		{27E5D11E-062C-47F7-BDA3-79EFC725F879}.AppStore|ARM.ActiveCfg = Release|Any CPU
		{27E5D11E-062C-47F7-BDA3-79EFC725F879}.AppStore|ARM.Build.0 = Release|Any CPU
		{27E5D11E-062C-47F7-BDA3-79EFC725F879}.AppStore|ARM.Deploy.0 = Release|Any CPU
		{27E5D11E-062C-47F7-BDA3-79EFC725F879}.AppStore|iPhone.ActiveCfg = Release|Any CPU
		{27E5D11E-062C-47F7-BDA3-79EFC725F879}.AppStore|iPhone.Build.0 = Release|Any CPU
		{27E5D11E-062C-47F7-BDA3-79EFC725F879}.AppStore|iPhone.Deploy.0 = Release|Any CPU
		{27E5D11E-062C-47F7-BDA3-79EFC725F879}.AppStore|iPhoneSimulator.ActiveCfg = Release|Any CPU
		{27E5D11E-062C-47F7-BDA3-79EFC725F879}.AppStore|iPhoneSimulator.Build.0 = Release|Any CPU
		{27E5D11E-062C-47F7-BDA3-79EFC725F879}.AppStore|iPhoneSimulator.Deploy.0 = Release|Any CPU
		{27E5D11E-062C-47F7-BDA3-79EFC725F879}.AppStore|x64.ActiveCfg = Release|Any CPU
		{27E5D11E-062C-47F7-BDA3-79EFC725F879}.AppStore|x64.Build.0 = Release|Any CPU
		{27E5D11E-062C-47F7-BDA3-79EFC725F879}.AppStore|x64.Deploy.0 = Release|Any CPU
		{27E5D11E-062C-47F7-BDA3-79EFC725F879}.AppStore|x86.ActiveCfg = Release|Any CPU
		{27E5D11E-062C-47F7-BDA3-79EFC725F879}.AppStore|x86.Build.0 = Release|Any CPU
		{27E5D11E-062C-47F7-BDA3-79EFC725F879}.AppStore|x86.Deploy.0 = Release|Any CPU
		{27E5D11E-062C-47F7-BDA3-79EFC725F879}.Debug|Any CPU.ActiveCfg = Debug|Any CPU
		{27E5D11E-062C-47F7-BDA3-79EFC725F879}.Debug|Any CPU.Build.0 = Debug|Any CPU
		{27E5D11E-062C-47F7-BDA3-79EFC725F879}.Debug|Any CPU.Deploy.0 = Debug|Any CPU
		{27E5D11E-062C-47F7-BDA3-79EFC725F879}.Debug|ARM.ActiveCfg = Debug|Any CPU
		{27E5D11E-062C-47F7-BDA3-79EFC725F879}.Debug|ARM.Build.0 = Debug|Any CPU
		{27E5D11E-062C-47F7-BDA3-79EFC725F879}.Debug|ARM.Deploy.0 = Debug|Any CPU
		{27E5D11E-062C-47F7-BDA3-79EFC725F879}.Debug|iPhone.ActiveCfg = Debug|Any CPU
		{27E5D11E-062C-47F7-BDA3-79EFC725F879}.Debug|iPhone.Build.0 = Debug|Any CPU
		{27E5D11E-062C-47F7-BDA3-79EFC725F879}.Debug|iPhone.Deploy.0 = Debug|Any CPU
		{27E5D11E-062C-47F7-BDA3-79EFC725F879}.Debug|iPhoneSimulator.ActiveCfg = Debug|Any CPU
		{27E5D11E-062C-47F7-BDA3-79EFC725F879}.Debug|iPhoneSimulator.Build.0 = Debug|Any CPU
		{27E5D11E-062C-47F7-BDA3-79EFC725F879}.Debug|iPhoneSimulator.Deploy.0 = Debug|Any CPU
		{27E5D11E-062C-47F7-BDA3-79EFC725F879}.Debug|x64.ActiveCfg = Debug|Any CPU
		{27E5D11E-062C-47F7-BDA3-79EFC725F879}.Debug|x64.Build.0 = Debug|Any CPU
		{27E5D11E-062C-47F7-BDA3-79EFC725F879}.Debug|x64.Deploy.0 = Debug|Any CPU
		{27E5D11E-062C-47F7-BDA3-79EFC725F879}.Debug|x86.ActiveCfg = Debug|Any CPU
		{27E5D11E-062C-47F7-BDA3-79EFC725F879}.Debug|x86.Build.0 = Debug|Any CPU
		{27E5D11E-062C-47F7-BDA3-79EFC725F879}.Debug|x86.Deploy.0 = Debug|Any CPU
		{27E5D11E-062C-47F7-BDA3-79EFC725F879}.Release|Any CPU.ActiveCfg = Release|Any CPU
		{27E5D11E-062C-47F7-BDA3-79EFC725F879}.Release|Any CPU.Build.0 = Release|Any CPU
		{27E5D11E-062C-47F7-BDA3-79EFC725F879}.Release|Any CPU.Deploy.0 = Release|Any CPU
		{27E5D11E-062C-47F7-BDA3-79EFC725F879}.Release|ARM.ActiveCfg = Release|Any CPU
		{27E5D11E-062C-47F7-BDA3-79EFC725F879}.Release|ARM.Build.0 = Release|Any CPU
		{27E5D11E-062C-47F7-BDA3-79EFC725F879}.Release|ARM.Deploy.0 = Release|Any CPU
		{27E5D11E-062C-47F7-BDA3-79EFC725F879}.Release|iPhone.ActiveCfg = Release|Any CPU
		{27E5D11E-062C-47F7-BDA3-79EFC725F879}.Release|iPhone.Build.0 = Release|Any CPU
		{27E5D11E-062C-47F7-BDA3-79EFC725F879}.Release|iPhone.Deploy.0 = Release|Any CPU
		{27E5D11E-062C-47F7-BDA3-79EFC725F879}.Release|iPhoneSimulator.ActiveCfg = Release|Any CPU
		{27E5D11E-062C-47F7-BDA3-79EFC725F879}.Release|iPhoneSimulator.Build.0 = Release|Any CPU
		{27E5D11E-062C-47F7-BDA3-79EFC725F879}.Release|iPhoneSimulator.Deploy.0 = Release|Any CPU
		{27E5D11E-062C-47F7-BDA3-79EFC725F879}.Release|x64.ActiveCfg = Release|Any CPU
		{27E5D11E-062C-47F7-BDA3-79EFC725F879}.Release|x64.Build.0 = Release|Any CPU
		{27E5D11E-062C-47F7-BDA3-79EFC725F879}.Release|x64.Deploy.0 = Release|Any CPU
		{27E5D11E-062C-47F7-BDA3-79EFC725F879}.Release|x86.ActiveCfg = Release|Any CPU
		{27E5D11E-062C-47F7-BDA3-79EFC725F879}.Release|x86.Build.0 = Release|Any CPU
		{27E5D11E-062C-47F7-BDA3-79EFC725F879}.Release|x86.Deploy.0 = Release|Any CPU
		{BE8CF80D-47BE-4D5A-BE32-3CB65BB08078}.Ad-Hoc|Any CPU.ActiveCfg = Ad-Hoc|iPhone
		{BE8CF80D-47BE-4D5A-BE32-3CB65BB08078}.Ad-Hoc|Any CPU.Build.0 = Ad-Hoc|iPhone
		{BE8CF80D-47BE-4D5A-BE32-3CB65BB08078}.Ad-Hoc|Any CPU.Deploy.0 = Ad-Hoc|iPhone
		{BE8CF80D-47BE-4D5A-BE32-3CB65BB08078}.Ad-Hoc|ARM.ActiveCfg = Ad-Hoc|iPhone
		{BE8CF80D-47BE-4D5A-BE32-3CB65BB08078}.Ad-Hoc|ARM.Build.0 = Ad-Hoc|iPhone
		{BE8CF80D-47BE-4D5A-BE32-3CB65BB08078}.Ad-Hoc|ARM.Deploy.0 = Ad-Hoc|iPhone
		{BE8CF80D-47BE-4D5A-BE32-3CB65BB08078}.Ad-Hoc|iPhone.ActiveCfg = Ad-Hoc|iPhone
		{BE8CF80D-47BE-4D5A-BE32-3CB65BB08078}.Ad-Hoc|iPhone.Build.0 = Ad-Hoc|iPhone
		{BE8CF80D-47BE-4D5A-BE32-3CB65BB08078}.Ad-Hoc|iPhone.Deploy.0 = Ad-Hoc|iPhone
		{BE8CF80D-47BE-4D5A-BE32-3CB65BB08078}.Ad-Hoc|iPhoneSimulator.ActiveCfg = Ad-Hoc|iPhoneSimulator
		{BE8CF80D-47BE-4D5A-BE32-3CB65BB08078}.Ad-Hoc|iPhoneSimulator.Build.0 = Ad-Hoc|iPhoneSimulator
		{BE8CF80D-47BE-4D5A-BE32-3CB65BB08078}.Ad-Hoc|iPhoneSimulator.Deploy.0 = Ad-Hoc|iPhoneSimulator
		{BE8CF80D-47BE-4D5A-BE32-3CB65BB08078}.Ad-Hoc|x64.ActiveCfg = Ad-Hoc|iPhone
		{BE8CF80D-47BE-4D5A-BE32-3CB65BB08078}.Ad-Hoc|x64.Build.0 = Ad-Hoc|iPhone
		{BE8CF80D-47BE-4D5A-BE32-3CB65BB08078}.Ad-Hoc|x64.Deploy.0 = Ad-Hoc|iPhone
		{BE8CF80D-47BE-4D5A-BE32-3CB65BB08078}.Ad-Hoc|x86.ActiveCfg = Ad-Hoc|iPhone
		{BE8CF80D-47BE-4D5A-BE32-3CB65BB08078}.Ad-Hoc|x86.Build.0 = Ad-Hoc|iPhone
		{BE8CF80D-47BE-4D5A-BE32-3CB65BB08078}.Ad-Hoc|x86.Deploy.0 = Ad-Hoc|iPhone
		{BE8CF80D-47BE-4D5A-BE32-3CB65BB08078}.AppStore|Any CPU.ActiveCfg = AppStore|iPhone
		{BE8CF80D-47BE-4D5A-BE32-3CB65BB08078}.AppStore|Any CPU.Build.0 = AppStore|iPhone
		{BE8CF80D-47BE-4D5A-BE32-3CB65BB08078}.AppStore|Any CPU.Deploy.0 = AppStore|iPhone
		{BE8CF80D-47BE-4D5A-BE32-3CB65BB08078}.AppStore|ARM.ActiveCfg = AppStore|iPhone
		{BE8CF80D-47BE-4D5A-BE32-3CB65BB08078}.AppStore|ARM.Build.0 = AppStore|iPhone
		{BE8CF80D-47BE-4D5A-BE32-3CB65BB08078}.AppStore|ARM.Deploy.0 = AppStore|iPhone
		{BE8CF80D-47BE-4D5A-BE32-3CB65BB08078}.AppStore|iPhone.ActiveCfg = AppStore|iPhone
		{BE8CF80D-47BE-4D5A-BE32-3CB65BB08078}.AppStore|iPhone.Build.0 = AppStore|iPhone
		{BE8CF80D-47BE-4D5A-BE32-3CB65BB08078}.AppStore|iPhone.Deploy.0 = AppStore|iPhone
		{BE8CF80D-47BE-4D5A-BE32-3CB65BB08078}.AppStore|iPhoneSimulator.ActiveCfg = AppStore|iPhoneSimulator
		{BE8CF80D-47BE-4D5A-BE32-3CB65BB08078}.AppStore|iPhoneSimulator.Build.0 = AppStore|iPhoneSimulator
		{BE8CF80D-47BE-4D5A-BE32-3CB65BB08078}.AppStore|iPhoneSimulator.Deploy.0 = AppStore|iPhoneSimulator
		{BE8CF80D-47BE-4D5A-BE32-3CB65BB08078}.AppStore|x64.ActiveCfg = AppStore|iPhone
		{BE8CF80D-47BE-4D5A-BE32-3CB65BB08078}.AppStore|x64.Build.0 = AppStore|iPhone
		{BE8CF80D-47BE-4D5A-BE32-3CB65BB08078}.AppStore|x64.Deploy.0 = AppStore|iPhone
		{BE8CF80D-47BE-4D5A-BE32-3CB65BB08078}.AppStore|x86.ActiveCfg = AppStore|iPhone
		{BE8CF80D-47BE-4D5A-BE32-3CB65BB08078}.AppStore|x86.Build.0 = AppStore|iPhone
		{BE8CF80D-47BE-4D5A-BE32-3CB65BB08078}.AppStore|x86.Deploy.0 = AppStore|iPhone
		{BE8CF80D-47BE-4D5A-BE32-3CB65BB08078}.Debug|Any CPU.ActiveCfg = Debug|iPhoneSimulator
		{BE8CF80D-47BE-4D5A-BE32-3CB65BB08078}.Debug|Any CPU.Build.0 = Debug|iPhoneSimulator
		{BE8CF80D-47BE-4D5A-BE32-3CB65BB08078}.Debug|Any CPU.Deploy.0 = Debug|iPhoneSimulator
		{BE8CF80D-47BE-4D5A-BE32-3CB65BB08078}.Debug|ARM.ActiveCfg = Debug|iPhone
		{BE8CF80D-47BE-4D5A-BE32-3CB65BB08078}.Debug|ARM.Build.0 = Debug|iPhone
		{BE8CF80D-47BE-4D5A-BE32-3CB65BB08078}.Debug|ARM.Deploy.0 = Debug|iPhone
		{BE8CF80D-47BE-4D5A-BE32-3CB65BB08078}.Debug|iPhone.ActiveCfg = Debug|iPhone
		{BE8CF80D-47BE-4D5A-BE32-3CB65BB08078}.Debug|iPhone.Build.0 = Debug|iPhone
		{BE8CF80D-47BE-4D5A-BE32-3CB65BB08078}.Debug|iPhone.Deploy.0 = Debug|iPhone
		{BE8CF80D-47BE-4D5A-BE32-3CB65BB08078}.Debug|iPhoneSimulator.ActiveCfg = Debug|iPhoneSimulator
		{BE8CF80D-47BE-4D5A-BE32-3CB65BB08078}.Debug|iPhoneSimulator.Build.0 = Debug|iPhoneSimulator
		{BE8CF80D-47BE-4D5A-BE32-3CB65BB08078}.Debug|iPhoneSimulator.Deploy.0 = Debug|iPhoneSimulator
		{BE8CF80D-47BE-4D5A-BE32-3CB65BB08078}.Debug|x64.ActiveCfg = Debug|iPhone
		{BE8CF80D-47BE-4D5A-BE32-3CB65BB08078}.Debug|x64.Build.0 = Debug|iPhone
		{BE8CF80D-47BE-4D5A-BE32-3CB65BB08078}.Debug|x64.Deploy.0 = Debug|iPhone
		{BE8CF80D-47BE-4D5A-BE32-3CB65BB08078}.Debug|x86.ActiveCfg = Debug|iPhone
		{BE8CF80D-47BE-4D5A-BE32-3CB65BB08078}.Debug|x86.Build.0 = Debug|iPhone
		{BE8CF80D-47BE-4D5A-BE32-3CB65BB08078}.Debug|x86.Deploy.0 = Debug|iPhone
		{BE8CF80D-47BE-4D5A-BE32-3CB65BB08078}.Release|Any CPU.ActiveCfg = Release|iPhone
		{BE8CF80D-47BE-4D5A-BE32-3CB65BB08078}.Release|Any CPU.Build.0 = Release|iPhone
		{BE8CF80D-47BE-4D5A-BE32-3CB65BB08078}.Release|Any CPU.Deploy.0 = Release|iPhone
		{BE8CF80D-47BE-4D5A-BE32-3CB65BB08078}.Release|ARM.ActiveCfg = Release|iPhone
		{BE8CF80D-47BE-4D5A-BE32-3CB65BB08078}.Release|ARM.Build.0 = Release|iPhone
		{BE8CF80D-47BE-4D5A-BE32-3CB65BB08078}.Release|ARM.Deploy.0 = Release|iPhone
		{BE8CF80D-47BE-4D5A-BE32-3CB65BB08078}.Release|iPhone.ActiveCfg = Release|iPhone
		{BE8CF80D-47BE-4D5A-BE32-3CB65BB08078}.Release|iPhone.Build.0 = Release|iPhone
		{BE8CF80D-47BE-4D5A-BE32-3CB65BB08078}.Release|iPhone.Deploy.0 = Release|iPhone
		{BE8CF80D-47BE-4D5A-BE32-3CB65BB08078}.Release|iPhoneSimulator.ActiveCfg = Release|iPhoneSimulator
		{BE8CF80D-47BE-4D5A-BE32-3CB65BB08078}.Release|iPhoneSimulator.Build.0 = Release|iPhoneSimulator
		{BE8CF80D-47BE-4D5A-BE32-3CB65BB08078}.Release|iPhoneSimulator.Deploy.0 = Release|iPhoneSimulator
		{BE8CF80D-47BE-4D5A-BE32-3CB65BB08078}.Release|x64.ActiveCfg = Release|iPhone
		{BE8CF80D-47BE-4D5A-BE32-3CB65BB08078}.Release|x64.Build.0 = Release|iPhone
		{BE8CF80D-47BE-4D5A-BE32-3CB65BB08078}.Release|x64.Deploy.0 = Release|iPhone
		{BE8CF80D-47BE-4D5A-BE32-3CB65BB08078}.Release|x86.ActiveCfg = Release|iPhone
		{BE8CF80D-47BE-4D5A-BE32-3CB65BB08078}.Release|x86.Build.0 = Release|iPhone
		{BE8CF80D-47BE-4D5A-BE32-3CB65BB08078}.Release|x86.Deploy.0 = Release|iPhone
		{C5A582C9-D95E-4C4E-BD08-7E1B25F7906C}.Ad-Hoc|Any CPU.ActiveCfg = Release|x86
		{C5A582C9-D95E-4C4E-BD08-7E1B25F7906C}.Ad-Hoc|Any CPU.Build.0 = Release|x86
		{C5A582C9-D95E-4C4E-BD08-7E1B25F7906C}.Ad-Hoc|Any CPU.Deploy.0 = Release|x86
		{C5A582C9-D95E-4C4E-BD08-7E1B25F7906C}.Ad-Hoc|ARM.ActiveCfg = Release|ARM
		{C5A582C9-D95E-4C4E-BD08-7E1B25F7906C}.Ad-Hoc|ARM.Build.0 = Release|ARM
		{C5A582C9-D95E-4C4E-BD08-7E1B25F7906C}.Ad-Hoc|ARM.Deploy.0 = Release|ARM
		{C5A582C9-D95E-4C4E-BD08-7E1B25F7906C}.Ad-Hoc|iPhone.ActiveCfg = Release|x86
		{C5A582C9-D95E-4C4E-BD08-7E1B25F7906C}.Ad-Hoc|iPhone.Build.0 = Release|x86
		{C5A582C9-D95E-4C4E-BD08-7E1B25F7906C}.Ad-Hoc|iPhone.Deploy.0 = Release|x86
		{C5A582C9-D95E-4C4E-BD08-7E1B25F7906C}.Ad-Hoc|iPhoneSimulator.ActiveCfg = Release|x86
		{C5A582C9-D95E-4C4E-BD08-7E1B25F7906C}.Ad-Hoc|iPhoneSimulator.Build.0 = Release|x86
		{C5A582C9-D95E-4C4E-BD08-7E1B25F7906C}.Ad-Hoc|iPhoneSimulator.Deploy.0 = Release|x86
		{C5A582C9-D95E-4C4E-BD08-7E1B25F7906C}.Ad-Hoc|x64.ActiveCfg = Release|x64
		{C5A582C9-D95E-4C4E-BD08-7E1B25F7906C}.Ad-Hoc|x64.Build.0 = Release|x64
		{C5A582C9-D95E-4C4E-BD08-7E1B25F7906C}.Ad-Hoc|x64.Deploy.0 = Release|x64
		{C5A582C9-D95E-4C4E-BD08-7E1B25F7906C}.Ad-Hoc|x86.ActiveCfg = Release|x86
		{C5A582C9-D95E-4C4E-BD08-7E1B25F7906C}.Ad-Hoc|x86.Build.0 = Release|x86
		{C5A582C9-D95E-4C4E-BD08-7E1B25F7906C}.Ad-Hoc|x86.Deploy.0 = Release|x86
		{C5A582C9-D95E-4C4E-BD08-7E1B25F7906C}.AppStore|Any CPU.ActiveCfg = Release|x86
		{C5A582C9-D95E-4C4E-BD08-7E1B25F7906C}.AppStore|Any CPU.Build.0 = Release|x86
		{C5A582C9-D95E-4C4E-BD08-7E1B25F7906C}.AppStore|Any CPU.Deploy.0 = Release|x86
		{C5A582C9-D95E-4C4E-BD08-7E1B25F7906C}.AppStore|ARM.ActiveCfg = Release|ARM
		{C5A582C9-D95E-4C4E-BD08-7E1B25F7906C}.AppStore|ARM.Build.0 = Release|ARM
		{C5A582C9-D95E-4C4E-BD08-7E1B25F7906C}.AppStore|ARM.Deploy.0 = Release|ARM
		{C5A582C9-D95E-4C4E-BD08-7E1B25F7906C}.AppStore|iPhone.ActiveCfg = Release|x86
		{C5A582C9-D95E-4C4E-BD08-7E1B25F7906C}.AppStore|iPhone.Build.0 = Release|x86
		{C5A582C9-D95E-4C4E-BD08-7E1B25F7906C}.AppStore|iPhone.Deploy.0 = Release|x86
		{C5A582C9-D95E-4C4E-BD08-7E1B25F7906C}.AppStore|iPhoneSimulator.ActiveCfg = Release|x86
		{C5A582C9-D95E-4C4E-BD08-7E1B25F7906C}.AppStore|iPhoneSimulator.Build.0 = Release|x86
		{C5A582C9-D95E-4C4E-BD08-7E1B25F7906C}.AppStore|iPhoneSimulator.Deploy.0 = Release|x86
		{C5A582C9-D95E-4C4E-BD08-7E1B25F7906C}.AppStore|x64.ActiveCfg = Release|x64
		{C5A582C9-D95E-4C4E-BD08-7E1B25F7906C}.AppStore|x64.Build.0 = Release|x64
		{C5A582C9-D95E-4C4E-BD08-7E1B25F7906C}.AppStore|x64.Deploy.0 = Release|x64
		{C5A582C9-D95E-4C4E-BD08-7E1B25F7906C}.AppStore|x86.ActiveCfg = Release|x86
		{C5A582C9-D95E-4C4E-BD08-7E1B25F7906C}.AppStore|x86.Build.0 = Release|x86
		{C5A582C9-D95E-4C4E-BD08-7E1B25F7906C}.AppStore|x86.Deploy.0 = Release|x86
		{C5A582C9-D95E-4C4E-BD08-7E1B25F7906C}.Debug|Any CPU.ActiveCfg = Debug|x86
		{C5A582C9-D95E-4C4E-BD08-7E1B25F7906C}.Debug|Any CPU.Build.0 = Debug|x86
		{C5A582C9-D95E-4C4E-BD08-7E1B25F7906C}.Debug|Any CPU.Deploy.0 = Debug|x86
		{C5A582C9-D95E-4C4E-BD08-7E1B25F7906C}.Debug|ARM.ActiveCfg = Debug|ARM
		{C5A582C9-D95E-4C4E-BD08-7E1B25F7906C}.Debug|ARM.Build.0 = Debug|ARM
		{C5A582C9-D95E-4C4E-BD08-7E1B25F7906C}.Debug|ARM.Deploy.0 = Debug|ARM
		{C5A582C9-D95E-4C4E-BD08-7E1B25F7906C}.Debug|iPhone.ActiveCfg = Debug|x86
		{C5A582C9-D95E-4C4E-BD08-7E1B25F7906C}.Debug|iPhone.Build.0 = Debug|x86
		{C5A582C9-D95E-4C4E-BD08-7E1B25F7906C}.Debug|iPhone.Deploy.0 = Debug|x86
		{C5A582C9-D95E-4C4E-BD08-7E1B25F7906C}.Debug|iPhoneSimulator.ActiveCfg = Debug|x86
		{C5A582C9-D95E-4C4E-BD08-7E1B25F7906C}.Debug|iPhoneSimulator.Build.0 = Debug|x86
		{C5A582C9-D95E-4C4E-BD08-7E1B25F7906C}.Debug|iPhoneSimulator.Deploy.0 = Debug|x86
		{C5A582C9-D95E-4C4E-BD08-7E1B25F7906C}.Debug|x64.ActiveCfg = Debug|x64
		{C5A582C9-D95E-4C4E-BD08-7E1B25F7906C}.Debug|x64.Build.0 = Debug|x64
		{C5A582C9-D95E-4C4E-BD08-7E1B25F7906C}.Debug|x64.Deploy.0 = Debug|x64
		{C5A582C9-D95E-4C4E-BD08-7E1B25F7906C}.Debug|x86.ActiveCfg = Debug|x86
		{C5A582C9-D95E-4C4E-BD08-7E1B25F7906C}.Debug|x86.Build.0 = Debug|x86
		{C5A582C9-D95E-4C4E-BD08-7E1B25F7906C}.Debug|x86.Deploy.0 = Debug|x86
		{C5A582C9-D95E-4C4E-BD08-7E1B25F7906C}.Release|Any CPU.ActiveCfg = Release|x86
		{C5A582C9-D95E-4C4E-BD08-7E1B25F7906C}.Release|Any CPU.Build.0 = Release|x86
		{C5A582C9-D95E-4C4E-BD08-7E1B25F7906C}.Release|Any CPU.Deploy.0 = Release|x86
		{C5A582C9-D95E-4C4E-BD08-7E1B25F7906C}.Release|ARM.ActiveCfg = Release|ARM
		{C5A582C9-D95E-4C4E-BD08-7E1B25F7906C}.Release|ARM.Build.0 = Release|ARM
		{C5A582C9-D95E-4C4E-BD08-7E1B25F7906C}.Release|ARM.Deploy.0 = Release|ARM
		{C5A582C9-D95E-4C4E-BD08-7E1B25F7906C}.Release|iPhone.ActiveCfg = Release|x86
		{C5A582C9-D95E-4C4E-BD08-7E1B25F7906C}.Release|iPhone.Build.0 = Release|x86
		{C5A582C9-D95E-4C4E-BD08-7E1B25F7906C}.Release|iPhone.Deploy.0 = Release|x86
		{C5A582C9-D95E-4C4E-BD08-7E1B25F7906C}.Release|iPhoneSimulator.ActiveCfg = Release|x86
		{C5A582C9-D95E-4C4E-BD08-7E1B25F7906C}.Release|iPhoneSimulator.Build.0 = Release|x86
		{C5A582C9-D95E-4C4E-BD08-7E1B25F7906C}.Release|iPhoneSimulator.Deploy.0 = Release|x86
		{C5A582C9-D95E-4C4E-BD08-7E1B25F7906C}.Release|x64.ActiveCfg = Release|x64
		{C5A582C9-D95E-4C4E-BD08-7E1B25F7906C}.Release|x64.Build.0 = Release|x64
		{C5A582C9-D95E-4C4E-BD08-7E1B25F7906C}.Release|x64.Deploy.0 = Release|x64
		{C5A582C9-D95E-4C4E-BD08-7E1B25F7906C}.Release|x86.ActiveCfg = Release|x86
		{C5A582C9-D95E-4C4E-BD08-7E1B25F7906C}.Release|x86.Build.0 = Release|x86
		{C5A582C9-D95E-4C4E-BD08-7E1B25F7906C}.Release|x86.Deploy.0 = Release|x86
		{37BD7A98-BDB6-46B3-BAE6-85EAF75CFC4E}.Ad-Hoc|Any CPU.ActiveCfg = Debug|Any CPU
		{37BD7A98-BDB6-46B3-BAE6-85EAF75CFC4E}.Ad-Hoc|Any CPU.Build.0 = Debug|Any CPU
		{37BD7A98-BDB6-46B3-BAE6-85EAF75CFC4E}.Ad-Hoc|Any CPU.Deploy.0 = Debug|Any CPU
		{37BD7A98-BDB6-46B3-BAE6-85EAF75CFC4E}.Ad-Hoc|ARM.ActiveCfg = Debug|Any CPU
		{37BD7A98-BDB6-46B3-BAE6-85EAF75CFC4E}.Ad-Hoc|ARM.Build.0 = Debug|Any CPU
		{37BD7A98-BDB6-46B3-BAE6-85EAF75CFC4E}.Ad-Hoc|ARM.Deploy.0 = Debug|Any CPU
		{37BD7A98-BDB6-46B3-BAE6-85EAF75CFC4E}.Ad-Hoc|iPhone.ActiveCfg = Debug|Any CPU
		{37BD7A98-BDB6-46B3-BAE6-85EAF75CFC4E}.Ad-Hoc|iPhone.Build.0 = Debug|Any CPU
		{37BD7A98-BDB6-46B3-BAE6-85EAF75CFC4E}.Ad-Hoc|iPhone.Deploy.0 = Debug|Any CPU
		{37BD7A98-BDB6-46B3-BAE6-85EAF75CFC4E}.Ad-Hoc|iPhoneSimulator.ActiveCfg = Debug|Any CPU
		{37BD7A98-BDB6-46B3-BAE6-85EAF75CFC4E}.Ad-Hoc|iPhoneSimulator.Build.0 = Debug|Any CPU
		{37BD7A98-BDB6-46B3-BAE6-85EAF75CFC4E}.Ad-Hoc|iPhoneSimulator.Deploy.0 = Debug|Any CPU
		{37BD7A98-BDB6-46B3-BAE6-85EAF75CFC4E}.Ad-Hoc|x64.ActiveCfg = Debug|Any CPU
		{37BD7A98-BDB6-46B3-BAE6-85EAF75CFC4E}.Ad-Hoc|x64.Build.0 = Debug|Any CPU
		{37BD7A98-BDB6-46B3-BAE6-85EAF75CFC4E}.Ad-Hoc|x64.Deploy.0 = Debug|Any CPU
		{37BD7A98-BDB6-46B3-BAE6-85EAF75CFC4E}.Ad-Hoc|x86.ActiveCfg = Debug|Any CPU
		{37BD7A98-BDB6-46B3-BAE6-85EAF75CFC4E}.Ad-Hoc|x86.Build.0 = Debug|Any CPU
		{37BD7A98-BDB6-46B3-BAE6-85EAF75CFC4E}.Ad-Hoc|x86.Deploy.0 = Debug|Any CPU
		{37BD7A98-BDB6-46B3-BAE6-85EAF75CFC4E}.AppStore|Any CPU.ActiveCfg = Debug|Any CPU
		{37BD7A98-BDB6-46B3-BAE6-85EAF75CFC4E}.AppStore|Any CPU.Build.0 = Debug|Any CPU
		{37BD7A98-BDB6-46B3-BAE6-85EAF75CFC4E}.AppStore|Any CPU.Deploy.0 = Debug|Any CPU
		{37BD7A98-BDB6-46B3-BAE6-85EAF75CFC4E}.AppStore|ARM.ActiveCfg = Debug|Any CPU
		{37BD7A98-BDB6-46B3-BAE6-85EAF75CFC4E}.AppStore|ARM.Build.0 = Debug|Any CPU
		{37BD7A98-BDB6-46B3-BAE6-85EAF75CFC4E}.AppStore|ARM.Deploy.0 = Debug|Any CPU
		{37BD7A98-BDB6-46B3-BAE6-85EAF75CFC4E}.AppStore|iPhone.ActiveCfg = Debug|Any CPU
		{37BD7A98-BDB6-46B3-BAE6-85EAF75CFC4E}.AppStore|iPhone.Build.0 = Debug|Any CPU
		{37BD7A98-BDB6-46B3-BAE6-85EAF75CFC4E}.AppStore|iPhone.Deploy.0 = Debug|Any CPU
		{37BD7A98-BDB6-46B3-BAE6-85EAF75CFC4E}.AppStore|iPhoneSimulator.ActiveCfg = Debug|Any CPU
		{37BD7A98-BDB6-46B3-BAE6-85EAF75CFC4E}.AppStore|iPhoneSimulator.Build.0 = Debug|Any CPU
		{37BD7A98-BDB6-46B3-BAE6-85EAF75CFC4E}.AppStore|iPhoneSimulator.Deploy.0 = Debug|Any CPU
		{37BD7A98-BDB6-46B3-BAE6-85EAF75CFC4E}.AppStore|x64.ActiveCfg = Debug|Any CPU
		{37BD7A98-BDB6-46B3-BAE6-85EAF75CFC4E}.AppStore|x64.Build.0 = Debug|Any CPU
		{37BD7A98-BDB6-46B3-BAE6-85EAF75CFC4E}.AppStore|x64.Deploy.0 = Debug|Any CPU
		{37BD7A98-BDB6-46B3-BAE6-85EAF75CFC4E}.AppStore|x86.ActiveCfg = Debug|Any CPU
		{37BD7A98-BDB6-46B3-BAE6-85EAF75CFC4E}.AppStore|x86.Build.0 = Debug|Any CPU
		{37BD7A98-BDB6-46B3-BAE6-85EAF75CFC4E}.AppStore|x86.Deploy.0 = Debug|Any CPU
		{37BD7A98-BDB6-46B3-BAE6-85EAF75CFC4E}.Debug|Any CPU.ActiveCfg = Debug|Any CPU
		{37BD7A98-BDB6-46B3-BAE6-85EAF75CFC4E}.Debug|Any CPU.Build.0 = Debug|Any CPU
		{37BD7A98-BDB6-46B3-BAE6-85EAF75CFC4E}.Debug|Any CPU.Deploy.0 = Debug|Any CPU
		{37BD7A98-BDB6-46B3-BAE6-85EAF75CFC4E}.Debug|ARM.ActiveCfg = Debug|Any CPU
		{37BD7A98-BDB6-46B3-BAE6-85EAF75CFC4E}.Debug|ARM.Build.0 = Debug|Any CPU
		{37BD7A98-BDB6-46B3-BAE6-85EAF75CFC4E}.Debug|ARM.Deploy.0 = Debug|Any CPU
		{37BD7A98-BDB6-46B3-BAE6-85EAF75CFC4E}.Debug|iPhone.ActiveCfg = Debug|Any CPU
		{37BD7A98-BDB6-46B3-BAE6-85EAF75CFC4E}.Debug|iPhone.Build.0 = Debug|Any CPU
		{37BD7A98-BDB6-46B3-BAE6-85EAF75CFC4E}.Debug|iPhone.Deploy.0 = Debug|Any CPU
		{37BD7A98-BDB6-46B3-BAE6-85EAF75CFC4E}.Debug|iPhoneSimulator.ActiveCfg = Debug|Any CPU
		{37BD7A98-BDB6-46B3-BAE6-85EAF75CFC4E}.Debug|iPhoneSimulator.Build.0 = Debug|Any CPU
		{37BD7A98-BDB6-46B3-BAE6-85EAF75CFC4E}.Debug|iPhoneSimulator.Deploy.0 = Debug|Any CPU
		{37BD7A98-BDB6-46B3-BAE6-85EAF75CFC4E}.Debug|x64.ActiveCfg = Debug|Any CPU
		{37BD7A98-BDB6-46B3-BAE6-85EAF75CFC4E}.Debug|x64.Build.0 = Debug|Any CPU
		{37BD7A98-BDB6-46B3-BAE6-85EAF75CFC4E}.Debug|x64.Deploy.0 = Debug|Any CPU
		{37BD7A98-BDB6-46B3-BAE6-85EAF75CFC4E}.Debug|x86.ActiveCfg = Debug|Any CPU
		{37BD7A98-BDB6-46B3-BAE6-85EAF75CFC4E}.Debug|x86.Build.0 = Debug|Any CPU
		{37BD7A98-BDB6-46B3-BAE6-85EAF75CFC4E}.Debug|x86.Deploy.0 = Debug|Any CPU
		{37BD7A98-BDB6-46B3-BAE6-85EAF75CFC4E}.Release|Any CPU.ActiveCfg = Release|Any CPU
		{37BD7A98-BDB6-46B3-BAE6-85EAF75CFC4E}.Release|Any CPU.Build.0 = Release|Any CPU
		{37BD7A98-BDB6-46B3-BAE6-85EAF75CFC4E}.Release|Any CPU.Deploy.0 = Release|Any CPU
		{37BD7A98-BDB6-46B3-BAE6-85EAF75CFC4E}.Release|ARM.ActiveCfg = Release|Any CPU
		{37BD7A98-BDB6-46B3-BAE6-85EAF75CFC4E}.Release|ARM.Build.0 = Release|Any CPU
		{37BD7A98-BDB6-46B3-BAE6-85EAF75CFC4E}.Release|ARM.Deploy.0 = Release|Any CPU
		{37BD7A98-BDB6-46B3-BAE6-85EAF75CFC4E}.Release|iPhone.ActiveCfg = Release|Any CPU
		{37BD7A98-BDB6-46B3-BAE6-85EAF75CFC4E}.Release|iPhone.Build.0 = Release|Any CPU
		{37BD7A98-BDB6-46B3-BAE6-85EAF75CFC4E}.Release|iPhone.Deploy.0 = Release|Any CPU
		{37BD7A98-BDB6-46B3-BAE6-85EAF75CFC4E}.Release|iPhoneSimulator.ActiveCfg = Release|Any CPU
		{37BD7A98-BDB6-46B3-BAE6-85EAF75CFC4E}.Release|iPhoneSimulator.Build.0 = Release|Any CPU
		{37BD7A98-BDB6-46B3-BAE6-85EAF75CFC4E}.Release|iPhoneSimulator.Deploy.0 = Release|Any CPU
		{37BD7A98-BDB6-46B3-BAE6-85EAF75CFC4E}.Release|x64.ActiveCfg = Release|Any CPU
		{37BD7A98-BDB6-46B3-BAE6-85EAF75CFC4E}.Release|x64.Build.0 = Release|Any CPU
		{37BD7A98-BDB6-46B3-BAE6-85EAF75CFC4E}.Release|x64.Deploy.0 = Release|Any CPU
		{37BD7A98-BDB6-46B3-BAE6-85EAF75CFC4E}.Release|x86.ActiveCfg = Release|Any CPU
		{37BD7A98-BDB6-46B3-BAE6-85EAF75CFC4E}.Release|x86.Build.0 = Release|Any CPU
		{37BD7A98-BDB6-46B3-BAE6-85EAF75CFC4E}.Release|x86.Deploy.0 = Release|Any CPU
		{D1C7508A-2046-4D74-8435-AEE523CADB18}.Ad-Hoc|Any CPU.ActiveCfg = Release|Any CPU
		{D1C7508A-2046-4D74-8435-AEE523CADB18}.Ad-Hoc|Any CPU.Build.0 = Release|Any CPU
		{D1C7508A-2046-4D74-8435-AEE523CADB18}.Ad-Hoc|ARM.ActiveCfg = Release|Any CPU
		{D1C7508A-2046-4D74-8435-AEE523CADB18}.Ad-Hoc|ARM.Build.0 = Release|Any CPU
		{D1C7508A-2046-4D74-8435-AEE523CADB18}.Ad-Hoc|iPhone.ActiveCfg = Release|Any CPU
		{D1C7508A-2046-4D74-8435-AEE523CADB18}.Ad-Hoc|iPhone.Build.0 = Release|Any CPU
		{D1C7508A-2046-4D74-8435-AEE523CADB18}.Ad-Hoc|iPhoneSimulator.ActiveCfg = Release|Any CPU
		{D1C7508A-2046-4D74-8435-AEE523CADB18}.Ad-Hoc|iPhoneSimulator.Build.0 = Release|Any CPU
		{D1C7508A-2046-4D74-8435-AEE523CADB18}.Ad-Hoc|x64.ActiveCfg = Release|Any CPU
		{D1C7508A-2046-4D74-8435-AEE523CADB18}.Ad-Hoc|x64.Build.0 = Release|Any CPU
		{D1C7508A-2046-4D74-8435-AEE523CADB18}.Ad-Hoc|x86.ActiveCfg = Release|Any CPU
		{D1C7508A-2046-4D74-8435-AEE523CADB18}.Ad-Hoc|x86.Build.0 = Release|Any CPU
		{D1C7508A-2046-4D74-8435-AEE523CADB18}.AppStore|Any CPU.ActiveCfg = Release|Any CPU
		{D1C7508A-2046-4D74-8435-AEE523CADB18}.AppStore|Any CPU.Build.0 = Release|Any CPU
		{D1C7508A-2046-4D74-8435-AEE523CADB18}.AppStore|ARM.ActiveCfg = Release|Any CPU
		{D1C7508A-2046-4D74-8435-AEE523CADB18}.AppStore|ARM.Build.0 = Release|Any CPU
		{D1C7508A-2046-4D74-8435-AEE523CADB18}.AppStore|iPhone.ActiveCfg = Release|Any CPU
		{D1C7508A-2046-4D74-8435-AEE523CADB18}.AppStore|iPhone.Build.0 = Release|Any CPU
		{D1C7508A-2046-4D74-8435-AEE523CADB18}.AppStore|iPhoneSimulator.ActiveCfg = Release|Any CPU
		{D1C7508A-2046-4D74-8435-AEE523CADB18}.AppStore|iPhoneSimulator.Build.0 = Release|Any CPU
		{D1C7508A-2046-4D74-8435-AEE523CADB18}.AppStore|x64.ActiveCfg = Release|Any CPU
		{D1C7508A-2046-4D74-8435-AEE523CADB18}.AppStore|x64.Build.0 = Release|Any CPU
		{D1C7508A-2046-4D74-8435-AEE523CADB18}.AppStore|x86.ActiveCfg = Release|Any CPU
		{D1C7508A-2046-4D74-8435-AEE523CADB18}.AppStore|x86.Build.0 = Release|Any CPU
		{D1C7508A-2046-4D74-8435-AEE523CADB18}.Debug|Any CPU.ActiveCfg = Debug|Any CPU
		{D1C7508A-2046-4D74-8435-AEE523CADB18}.Debug|Any CPU.Build.0 = Debug|Any CPU
		{D1C7508A-2046-4D74-8435-AEE523CADB18}.Debug|ARM.ActiveCfg = Debug|Any CPU
		{D1C7508A-2046-4D74-8435-AEE523CADB18}.Debug|ARM.Build.0 = Debug|Any CPU
		{D1C7508A-2046-4D74-8435-AEE523CADB18}.Debug|iPhone.ActiveCfg = Debug|Any CPU
		{D1C7508A-2046-4D74-8435-AEE523CADB18}.Debug|iPhone.Build.0 = Debug|Any CPU
		{D1C7508A-2046-4D74-8435-AEE523CADB18}.Debug|iPhoneSimulator.ActiveCfg = Debug|Any CPU
		{D1C7508A-2046-4D74-8435-AEE523CADB18}.Debug|iPhoneSimulator.Build.0 = Debug|Any CPU
		{D1C7508A-2046-4D74-8435-AEE523CADB18}.Debug|x64.ActiveCfg = Debug|Any CPU
		{D1C7508A-2046-4D74-8435-AEE523CADB18}.Debug|x64.Build.0 = Debug|Any CPU
		{D1C7508A-2046-4D74-8435-AEE523CADB18}.Debug|x86.ActiveCfg = Debug|Any CPU
		{D1C7508A-2046-4D74-8435-AEE523CADB18}.Debug|x86.Build.0 = Debug|Any CPU
		{D1C7508A-2046-4D74-8435-AEE523CADB18}.Release|Any CPU.ActiveCfg = Release|Any CPU
		{D1C7508A-2046-4D74-8435-AEE523CADB18}.Release|Any CPU.Build.0 = Release|Any CPU
		{D1C7508A-2046-4D74-8435-AEE523CADB18}.Release|ARM.ActiveCfg = Release|Any CPU
		{D1C7508A-2046-4D74-8435-AEE523CADB18}.Release|ARM.Build.0 = Release|Any CPU
		{D1C7508A-2046-4D74-8435-AEE523CADB18}.Release|iPhone.ActiveCfg = Release|Any CPU
		{D1C7508A-2046-4D74-8435-AEE523CADB18}.Release|iPhone.Build.0 = Release|Any CPU
		{D1C7508A-2046-4D74-8435-AEE523CADB18}.Release|iPhoneSimulator.ActiveCfg = Release|Any CPU
		{D1C7508A-2046-4D74-8435-AEE523CADB18}.Release|iPhoneSimulator.Build.0 = Release|Any CPU
		{D1C7508A-2046-4D74-8435-AEE523CADB18}.Release|x64.ActiveCfg = Release|Any CPU
		{D1C7508A-2046-4D74-8435-AEE523CADB18}.Release|x64.Build.0 = Release|Any CPU
		{D1C7508A-2046-4D74-8435-AEE523CADB18}.Release|x86.ActiveCfg = Release|Any CPU
		{D1C7508A-2046-4D74-8435-AEE523CADB18}.Release|x86.Build.0 = Release|Any CPU
	EndGlobalSection
	GlobalSection(SolutionProperties) = preSolution
		HideSolutionNode = FALSE
	EndGlobalSection
	GlobalSection(ExtensibilityGlobals) = postSolution
		SolutionGuid = {1D90386F-BA68-4657-AF1F-E261F32BBAE0}
	EndGlobalSection
EndGlobal
